
Microsoft Visual Studio Solution File, Format Version 12.00
# Visual Studio Version 17
VisualStudioVersion = 17.6.33829.357
MinimumVisualStudioVersion = 10.0.40219.1
Project("{FAE04EC0-301F-11D3-BF4B-00C04F79EFBC}") = "GorselP2Ders8", "GorselP2Ders8\GorselP2Ders8.csproj", "{AFDAB0E3-C35E-4D4B-AF1F-B37C967877CA}"
EndProject
Global
	GlobalSection(SolutionConfigurationPlatforms) = preSolution
		Debug|Any CPU = Debug|Any CPU
		Release|Any CPU = Release|Any CPU
	EndGlobalSection
	GlobalSection(ProjectConfigurationPlatforms) = postSolution
		{AFDAB0E3-C35E-4D4B-AF1F-B37C967877CA}.Debug|Any CPU.ActiveCfg = Debug|Any CPU
		{AFDAB0E3-C35E-4D4B-AF1F-B37C967877CA}.Debug|Any CPU.Build.0 = Debug|Any CPU
		{AFDAB0E3-C35E-4D4B-AF1F-B37C967877CA}.Release|Any CPU.ActiveCfg = Release|Any CPU
		{AFDAB0E3-C35E-4D4B-AF1F-B37C967877CA}.Release|Any CPU.Build.0 = Release|Any CPU
	EndGlobalSection
	GlobalSection(SolutionProperties) = preSolution
		HideSolutionNode = FALSE
	EndGlobalSection
	GlobalSection(ExtensibilityGlobals) = postSolution
		SolutionGuid = {D0E6FED6-C8FF-4966-913C-B9F39FF1A4AF}
	EndGlobalSection
EndGlobal
